version = 2

[[packages]]
name = "json"
ref = "index@json"
version = "1.0.0"
archive = "https://github.com/encore-ecosystem/encore-index/releases/download/packages-v0.1.4/json-1.0.0.tar.gz"
checksum = "74f32edb64067e32f2d410e87632d9ad020a47cb9fd85de7aa95fd9a9ee59c74"

[[packages]]
name = "linalg"
ref = "index@linalg"
version = "0.1.0"
archive = "https://github.com/encore-ecosystem/encore-index/releases/download/packages-v0.1.4/linalg-0.1.0.tar.gz"
checksum = "4e5aaaddd6976eaa9995f48e289749f739e569bf2b16c11cc3d07236374279f7"

[[packages]]
name = "vulkan_native"
ref = "workspace@vulkan_native"
version = "0.1.0"
source = "embedded@graphene"
path = "workspace/vulkan_native"

[[packages]]
name = "luma"
ref = "path@../Luma"
version = "0.1.1"
features = ["fonts"]

[[packages]]
name = "core"
ref = "sys@core"
version = "0.0.0"

[[packages]]
name = "std"
ref = "index@std@1.0.0"
version = "1.0.0"
archive = "https://github.com/encore-ecosystem/encore-index/releases/download/packages-v0.1.4/std-1.0.0.tar.gz"
checksum = "7890121f5a8c56a65fa37aecd1a4884d54e8e1cd86e9ee6e744bf0a78577d01b"

[[packages]]
name = "color"
ref = "index@color@^0.1.0"
version = "0.1.0"
archive = "https://github.com/encore-ecosystem/encore-index/releases/download/packages-v0.1.4/color-0.1.0.tar.gz"
checksum = "9f99713dda0a02c08afb8b6e3688be8ad77e426719e8f749a0d798cb1b5f2abb"

[[packages]]
name = "geometry"
ref = "index@geometry@^0.1.0"
version = "0.1.0"
archive = "https://github.com/encore-ecosystem/encore-index/releases/download/packages-v0.1.4/geometry-0.1.0.tar.gz"
checksum = "38a1f3430cdf4552e8713a8ace35851465c1683d7040f1dbecf53fa3b8223ebb"

[[packages]]
name = "ui_native"
ref = "workspace@ui_native"
version = "0.1.0"
source = "embedded@luma"
path = "workspace/ui_native"
